# THIS IS AN AUTOGENERATED FILE. DO NOT EDIT THIS FILE DIRECTLY.
# yarn lockfile v1


"@adraffy/ens-normalize@^1.10.1":
  version "1.11.0"
  resolved "https://registry.npmjs.org/@adraffy/ens-normalize/-/ens-normalize-1.11.0.tgz"
  integrity sha512-/3DDPKHqqIqxUULp8yP4zODUY1i+2xvVWsv8A79xGWdCAG+8sb0hRh0Rk2QyOJUnnbyPUAZYcpBuRe3nS2OIUg==

"@img/sharp-libvips-linux-x64@1.0.4":
  version "1.0.4"
  resolved "https://registry.npmjs.org/@img/sharp-libvips-linux-x64/-/sharp-libvips-linux-x64-1.0.4.tgz"
  integrity sha512-MmWmQ3iPFZr0Iev+BAgVMb3ZyC4KeFc3jFxnNbEPas60e1cIfevbtuyf9nDGIzOaW9PdnDciJm+wFFaTlj5xYw==

"@img/sharp-libvips-linuxmusl-x64@1.0.4":
  version "1.0.4"
  resolved "https://registry.npmjs.org/@img/sharp-libvips-linuxmusl-x64/-/sharp-libvips-linuxmusl-x64-1.0.4.tgz"
  integrity sha512-viYN1KX9m+/hGkJtvYYp+CCLgnJXwiQB39damAO7WMdKWlIhmYTfHjwSbQeUK/20vY154mwezd9HflVFM1wVSw==

"@img/sharp-linux-x64@0.33.5":
  version "0.33.5"
  resolved "https://registry.npmjs.org/@img/sharp-linux-x64/-/sharp-linux-x64-0.33.5.tgz"
  integrity sha512-opC+Ok5pRNAzuvq1AG0ar+1owsu842/Ab+4qvU879ippJBHvyY5n2mxF1izXqkPYlGuP/M556uh53jRLJmzTWA==
  optionalDependencies:
    "@img/sharp-libvips-linux-x64" "1.0.4"

"@img/sharp-linuxmusl-x64@0.33.5":
  version "0.33.5"
  resolved "https://registry.npmjs.org/@img/sharp-linuxmusl-x64/-/sharp-linuxmusl-x64-0.33.5.tgz"
  integrity sha512-WT+d/cgqKkkKySYmqoZ8y3pxx7lx9vVejxW/W4DOFMYVSkErR+w7mf2u8m/y4+xHe7yY9DAXQMWQhpnMuFfScw==
  optionalDependencies:
    "@img/sharp-libvips-linuxmusl-x64" "1.0.4"

"@near-js/accounts@1.2.1":
  version "1.2.1"
  resolved "https://registry.npmjs.org/@near-js/accounts/-/accounts-1.2.1.tgz"
  integrity sha512-j6+9n/p0vVLAahmN3YRFve+j0ammOALC9ZUfFhdE3kqtJESbSWMviC5qF/s2m0JQjpJGDtEv/dTADosIJoanWw==
  dependencies:
    "@near-js/crypto" "1.2.4"
    "@near-js/providers" "0.2.2"
    "@near-js/signers" "0.1.4"
    "@near-js/transactions" "1.2.2"
    "@near-js/types" "0.2.1"
    "@near-js/utils" "0.2.2"
    borsh "1.0.0"
    depd "2.0.0"
    is-my-json-valid "^2.20.6"
    lru_map "0.4.1"
    near-abi "0.1.1"

"@near-js/crypto@1.2.4":
  version "1.2.4"
  resolved "https://registry.npmjs.org/@near-js/crypto/-/crypto-1.2.4.tgz"
  integrity sha512-hcSj0ygvTcXlW9ftwEd9dbvQUWBCHNWNDLou9NLfmZERW9dr0gH8kUJPZUWfpJFlUPicb+jTiMpNwDTvP7VW4A==
  dependencies:
    "@near-js/types" "0.2.1"
    "@near-js/utils" "0.2.2"
    "@noble/curves" "1.2.0"
    borsh "1.0.0"
    randombytes "2.1.0"

"@near-js/keystores-browser@0.0.12":
  version "0.0.12"
  resolved "https://registry.npmjs.org/@near-js/keystores-browser/-/keystores-browser-0.0.12.tgz"
  integrity sha512-ptoVfJhMsktYcvY02wD2a8kDDH/E4d+kBfhwKF0H/Qt/w4JVJqEVgCLDBYUespuISTSqLSznNBjTSse+E7pJDQ==
  dependencies:
    "@near-js/crypto" "1.2.4"
    "@near-js/keystores" "0.0.12"

"@near-js/keystores-node@0.0.12":
  version "0.0.12"
  resolved "https://registry.npmjs.org/@near-js/keystores-node/-/keystores-node-0.0.12.tgz"
  integrity sha512-LUz1HPXBYoZUaLyS/bEj4yZ4pqD9Hb7XURikh22VYL8mbLcR5VmWYwS7Tmi9aO1vW8M9bPnQs5SROAyA79qQgQ==
  dependencies:
    "@near-js/crypto" "1.2.4"
    "@near-js/keystores" "0.0.12"

"@near-js/keystores@0.0.12":
  version "0.0.12"
  resolved "https://registry.npmjs.org/@near-js/keystores/-/keystores-0.0.12.tgz"
  integrity sha512-7dqq7XLUSlo26QbaGrS6bmqVL4IfhxJgfIhgKUDfv8FuswrpErBVCAUY6wIbW+mLw0NBoddzPrb5LuLIMfud5Q==
  dependencies:
    "@near-js/crypto" "1.2.4"
    "@near-js/types" "0.2.1"

"@near-js/providers@0.2.2":
  version "0.2.2"
  resolved "https://registry.npmjs.org/@near-js/providers/-/providers-0.2.2.tgz"
  integrity sha512-1V3NhqxfkBvdvq8zhKqbKxsySpIr6PpmlDzkHjDr8uSu6MMvqBgy+1dBvWflEFlN7OlDGx35mVsq/4Xy0wu+KA==
  dependencies:
    "@near-js/transactions" "1.2.2"
    "@near-js/types" "0.2.1"
    "@near-js/utils" "0.2.2"
    borsh "1.0.0"
    http-errors "1.7.2"
  optionalDependencies:
    node-fetch "2.6.7"

"@near-js/signers@0.1.4":
  version "0.1.4"
  resolved "https://registry.npmjs.org/@near-js/signers/-/signers-0.1.4.tgz"
  integrity sha512-YgH5X5fDOT/GsEAcyNM3heQWjIIL1MW3P8NtqilMa69HnsvtES9RCwjAXP8d8DZq/dBlI9od+pQ5XhxSFuXKCg==
  dependencies:
    "@near-js/crypto" "1.2.4"
    "@near-js/keystores" "0.0.12"
    "@noble/hashes" "1.3.3"

"@near-js/transactions@1.2.2":
  version "1.2.2"
  resolved "https://registry.npmjs.org/@near-js/transactions/-/transactions-1.2.2.tgz"
  integrity sha512-WZ/Mk0hFvBIYcD6VBwYw4S2mmiKBKz6PT0YEwNzMzbgPZSs2wRVk4r9Tf+ueCJCPUXo5XINkjThCcRqMHQvPtg==
  dependencies:
    "@near-js/crypto" "1.2.4"
    "@near-js/signers" "0.1.4"
    "@near-js/types" "0.2.1"
    "@near-js/utils" "0.2.2"
    "@noble/hashes" "1.3.3"
    borsh "1.0.0"

"@near-js/types@0.2.1":
  version "0.2.1"
  resolved "https://registry.npmjs.org/@near-js/types/-/types-0.2.1.tgz"
  integrity sha512-YygQEGMdFe6d2e/6dtNZer9paH396XeAdIKEhY/RPXDUnjDdfiDQ5DK4mM130sEeID2bAH9X1LQ+7vXGRjvyWw==

"@near-js/utils@0.2.2":
  version "0.2.2"
  resolved "https://registry.npmjs.org/@near-js/utils/-/utils-0.2.2.tgz"
  integrity sha512-ZAJo/cN6AHY7/gckf8DLHwjAn0z4UwG6rhLxs+QDyNYMMSx9SBg2pOQtBBv7ORWJaPhWD2q7wFhUz4SdTZi43A==
  dependencies:
    "@near-js/types" "0.2.1"
    bs58 "4.0.0"
    depd "2.0.0"
    mustache "4.0.0"

"@near-js/wallet-account@1.2.2":
  version "1.2.2"
  resolved "https://registry.npmjs.org/@near-js/wallet-account/-/wallet-account-1.2.2.tgz"
  integrity sha512-LaWzqaz2tP1hcToDlmiQnFMGZ1W9dM9i4nFSILe5PLIFLBQmYXdLWc80skGDiTUeihVu6wwtQr6Z2CcG231rWw==
  dependencies:
    "@near-js/accounts" "1.2.1"
    "@near-js/crypto" "1.2.4"
    "@near-js/keystores" "0.0.12"
    "@near-js/providers" "0.2.2"
    "@near-js/signers" "0.1.4"
    "@near-js/transactions" "1.2.2"
    "@near-js/types" "0.2.1"
    "@near-js/utils" "0.2.2"
    borsh "1.0.0"

"@next/env@15.1.6":
  version "15.1.6"
  resolved "https://registry.npmjs.org/@next/env/-/env-15.1.6.tgz"
  integrity sha512-d9AFQVPEYNr+aqokIiPLNK/MTyt3DWa/dpKveiAaVccUadFbhFEvY6FXYX2LJO2Hv7PHnLBu2oWwB4uBuHjr/w==

"@next/swc-linux-x64-gnu@15.1.6":
  version "15.1.6"
  resolved "https://registry.npmjs.org/@next/swc-linux-x64-gnu/-/swc-linux-x64-gnu-15.1.6.tgz"
  integrity sha512-SpuDEXixM3PycniL4iVCLyUyvcl6Lt0mtv3am08sucskpG0tYkW1KlRhTgj4LI5ehyxriVVcfdoxuuP8csi3kQ==

"@next/swc-linux-x64-musl@15.1.6":
  version "15.1.6"
  resolved "https://registry.npmjs.org/@next/swc-linux-x64-musl/-/swc-linux-x64-musl-15.1.6.tgz"
  integrity sha512-L4druWmdFSZIIRhF+G60API5sFB7suTbDRhYWSjiw0RbE+15igQvE2g2+S973pMGvwN3guw7cJUjA/TmbPWTHQ==

"@noble/curves@^1.6.0", "@noble/curves@~1.8.1", "@noble/curves@1.8.1":
  version "1.8.1"
  resolved "https://registry.npmjs.org/@noble/curves/-/curves-1.8.1.tgz"
  integrity sha512-warwspo+UYUPep0Q+vtdVB4Ugn8GGQj8iyB3gnRWsztmUHTI3S1nhdiWNsPUGL0vud7JlRRk1XEu7Lq1KGTnMQ==
  dependencies:
    "@noble/hashes" "1.7.1"

"@noble/curves@1.2.0":
  version "1.2.0"
  resolved "https://registry.npmjs.org/@noble/curves/-/curves-1.2.0.tgz"
  integrity sha512-oYclrNgRaM9SsBUBVbb8M6DTV7ZHRTKugureoYEncY5c65HOmRzvSiTE3y5CYaPYJA/GVkrhXEoF0M3Ya9PMnw==
  dependencies:
    "@noble/hashes" "1.3.2"

"@noble/hashes@^1.5.0", "@noble/hashes@~1.7.1", "@noble/hashes@1.7.1":
  version "1.7.1"
  resolved "https://registry.npmjs.org/@noble/hashes/-/hashes-1.7.1.tgz"
  integrity sha512-B8XBPsn4vT/KJAGqDzbwztd+6Yte3P4V7iafm24bxgDe/mlRuK6xmWPuCNrKt2vDafZ8MfJLlchDG/vYafQEjQ==

"@noble/hashes@1.3.2":
  version "1.3.2"
  resolved "https://registry.npmjs.org/@noble/hashes/-/hashes-1.3.2.tgz"
  integrity sha512-MVC8EAQp7MvEcm30KWENFjgR+Mkmf+D189XJTkFIlwohU5hcBbn1ZkKq7KVTi2Hme3PMGF390DaL52beVrIihQ==

"@noble/hashes@1.3.3":
  version "1.3.3"
  resolved "https://registry.npmjs.org/@noble/hashes/-/hashes-1.3.3.tgz"
  integrity sha512-V7/fPHgl+jsVPXqqeOzT8egNj2iBIVt+ECeMMG8TdcnTikP3oaBtUVqpT/gYCR68aEBJSF+XbYUxStjbFMqIIA==

"@phala/dstack-sdk@^0.1.7":
  version "0.1.7"
  resolved "https://registry.npmjs.org/@phala/dstack-sdk/-/dstack-sdk-0.1.7.tgz"
  integrity sha512-/+8S6XpAnN9X6pCiA7eBD+QtEWOtYhlN7Osrf9K59G6E8q6SdXUbJzuNpNBHtlZV+Pm7zm4zOhnwnpvShLD0Xg==
  optionalDependencies:
    viem "^2.21.0 <3.0.0"

"@scure/base@~1.2.2", "@scure/base@~1.2.4":
  version "1.2.4"
  resolved "https://registry.npmjs.org/@scure/base/-/base-1.2.4.tgz"
  integrity sha512-5Yy9czTO47mqz+/J8GM6GIId4umdCk1wc1q8rKERQulIoc8VP9pzDcghv10Tl2E7R96ZUx/PhND3ESYUQX8NuQ==

"@scure/bip32@^1.5.0", "@scure/bip32@1.6.2":
  version "1.6.2"
  resolved "https://registry.npmjs.org/@scure/bip32/-/bip32-1.6.2.tgz"
  integrity sha512-t96EPDMbtGgtb7onKKqxRLfE5g05k7uHnHRM2xdE6BP/ZmxaLtPek4J4KfVn/90IQNrU1IOAqMgiDtUdtbe3nw==
  dependencies:
    "@noble/curves" "~1.8.1"
    "@noble/hashes" "~1.7.1"
    "@scure/base" "~1.2.2"

"@scure/bip39@^1.4.0", "@scure/bip39@1.5.4":
  version "1.5.4"
  resolved "https://registry.npmjs.org/@scure/bip39/-/bip39-1.5.4.tgz"
  integrity sha512-TFM4ni0vKvCfBpohoh+/lY05i9gRbSwXWngAsF4CABQxoaOHijxuaZ2R6cStDQ5CHtHO9aGJTr4ksVJASRRyMA==
  dependencies:
    "@noble/hashes" "~1.7.1"
    "@scure/base" "~1.2.4"

"@swc/counter@0.1.3":
  version "0.1.3"
  resolved "https://registry.npmjs.org/@swc/counter/-/counter-0.1.3.tgz"
  integrity sha512-e2BR4lsJkkRlKZ/qCHPw9ZaSxc0MVUd7gtbtaB7aMvHeJVYe8sOB8DBZkP2DtISHGSku9sCK6T6cnY0CtXrOCQ==

"@swc/helpers@0.5.15":
  version "0.5.15"
  resolved "https://registry.npmjs.org/@swc/helpers/-/helpers-0.5.15.tgz"
  integrity sha512-JQ5TuMi45Owi4/BIMAJBoSQoOJu12oOk/gADqlcUL9JEdHB8vyjUSsxqeNXnmXHjYKMi2WcYtezGEEhqUI/E2g==
  dependencies:
    tslib "^2.8.0"

"@types/json-schema@^7.0.11":
  version "7.0.15"
  resolved "https://registry.npmjs.org/@types/json-schema/-/json-schema-7.0.15.tgz"
  integrity sha512-5+fP8P8MFNC+AyZCDxrB2pkZFPGzqQWUzpSeuuVLvm8VMcorNYavBqoFcxK8bQz4Qsbn4oUEEem4wDLfcysGHA==

"@types/node@11.11.6":
  version "11.11.6"
  resolved "https://registry.npmjs.org/@types/node/-/node-11.11.6.tgz"
  integrity sha512-Exw4yUWMBXM3X+8oqzJNRqZSwUAaS4+7NdvHqQuFi/d+synz++xmX3QIf+BFqneW8N31R8Ky+sikfZUXq07ggQ==

abitype@^1.0.6, abitype@1.0.8:
  version "1.0.8"
  resolved "https://registry.npmjs.org/abitype/-/abitype-1.0.8.tgz"
  integrity sha512-ZeiI6h3GnW06uYDLx0etQtX/p8E24UaHHBj57RSjK7YBFe7iuVn07EDpOeP451D06sF27VOz9JJPlIKJmXgkEg==

base-x@^2.0.1:
  version "2.0.6"
  resolved "https://registry.npmjs.org/base-x/-/base-x-2.0.6.tgz"
  integrity sha512-UAmjxz9KbK+YIi66xej+pZVo/vxUOh49ubEvZW5egCbxhur05pBb+hwuireQwKO4nDpsNm64/jEei17LEpsr5g==
  dependencies:
    safe-buffer "^5.0.1"

base-x@^3.0.2:
  version "3.0.10"
  resolved "https://registry.npmjs.org/base-x/-/base-x-3.0.10.tgz"
  integrity sha512-7d0s06rR9rYaIWHkpfLIFICM/tkSVdoPC9qYAQRpxn9DdKNWNsKC0uk++akckyLq16Tx2WIinnZ6WRriAt6njQ==
  dependencies:
    safe-buffer "^5.0.1"

bip39-light@^1.0.7:
  version "1.0.7"
  resolved "https://registry.npmjs.org/bip39-light/-/bip39-light-1.0.7.tgz"
  integrity sha512-WDTmLRQUsiioBdTs9BmSEmkJza+8xfJmptsNJjxnoq3EydSa/ZBXT6rm66KoT3PJIRYMnhSKNR7S9YL1l7R40Q==
  dependencies:
    create-hash "^1.1.0"
    pbkdf2 "^3.0.9"

bip39@3.0.2:
  version "3.0.2"
  resolved "https://registry.npmjs.org/bip39/-/bip39-3.0.2.tgz"
  integrity sha512-J4E1r2N0tUylTKt07ibXvhpT2c5pyAFgvuA5q1H9uDy6dEGpjV8jmymh3MTYJDLCNbIVClSB9FbND49I6N24MQ==
  dependencies:
    "@types/node" "11.11.6"
    create-hash "^1.1.0"
    pbkdf2 "^3.0.9"
    randombytes "^2.0.1"

borsh@1.0.0:
  version "1.0.0"
  resolved "https://registry.npmjs.org/borsh/-/borsh-1.0.0.tgz"
  integrity sha512-fSVWzzemnyfF89EPwlUNsrS5swF5CrtiN4e+h0/lLf4dz2he4L3ndM20PS9wj7ICSkXJe/TQUHdaPTq15b1mNQ==

bs58@^4.0.1:
  version "4.0.1"
  resolved "https://registry.npmjs.org/bs58/-/bs58-4.0.1.tgz"
  integrity sha512-Ok3Wdf5vOIlBrgCvTq96gBkJw+JUEzdBgyaza5HLtPm7yTHkjRy8+JzNyHF7BHa0bNWOQIp3m5YF0nnFcOIKLw==
  dependencies:
    base-x "^3.0.2"

bs58@4.0.0:
  version "4.0.0"
  resolved "https://registry.npmjs.org/bs58/-/bs58-4.0.0.tgz"
  integrity sha512-/jcGuUuSebyxwLLfKrbKnCJttxRf9PM51EnHTwmFKBxl4z1SGkoAhrfd6uZKE0dcjQTfm6XzTP8DPr1tzE4KIw==
  dependencies:
    base-x "^2.0.1"

busboy@1.6.0:
  version "1.6.0"
  resolved "https://registry.npmjs.org/busboy/-/busboy-1.6.0.tgz"
  integrity sha512-8SFQbg/0hQ9xy3UNTB0YEnsNBbWfhf7RtnzpL7TkBiTBRfrQ9Fxcnz7VJsleJpyp6rVLvXiuORqjlHi5q+PYuA==
  dependencies:
    streamsearch "^1.1.0"

caniuse-lite@^1.0.30001579:
  version "1.0.30001696"
  resolved "https://registry.npmjs.org/caniuse-lite/-/caniuse-lite-1.0.30001696.tgz"
  integrity sha512-pDCPkvzfa39ehJtJ+OwGT/2yvT2SbjfHhiIW2LWOAcMQ7BzwxT/XuyUp4OTOd0XFWA6BKw0JalnBHgSi5DGJBQ==

cipher-base@^1.0.1, cipher-base@^1.0.3:
  version "1.0.6"
  resolved "https://registry.npmjs.org/cipher-base/-/cipher-base-1.0.6.tgz"
  integrity sha512-3Ek9H3X6pj5TgenXYtNWdaBon1tgYCaebd+XPg0keyjEbEfkD4KkmAxkQ/i1vYvxdcT5nscLBfq9VJRmCBcFSw==
  dependencies:
    inherits "^2.0.4"
    safe-buffer "^5.2.1"

client-only@0.0.1:
  version "0.0.1"
  resolved "https://registry.npmjs.org/client-only/-/client-only-0.0.1.tgz"
  integrity sha512-IV3Ou0jSMzZrd3pZ48nLkT9DA7Ag1pnPzaiQhpW7c3RbcqqzvzzVu+L8gfqMp/8IM2MQtSiqaCxrrcfu8I8rMA==

color-convert@^2.0.1:
  version "2.0.1"
  resolved "https://registry.npmjs.org/color-convert/-/color-convert-2.0.1.tgz"
  integrity sha512-RRECPsj7iu/xb5oKYcsFHSppFNnsj/52OVTRKb4zP5onXwVF3zVmmToNcOfGC+CRDpfK/U584fMg38ZHCaElKQ==
  dependencies:
    color-name "~1.1.4"

color-name@^1.0.0, color-name@~1.1.4:
  version "1.1.4"
  resolved "https://registry.npmjs.org/color-name/-/color-name-1.1.4.tgz"
  integrity sha512-dOy+3AuW3a2wNbZHIuMZpTcgjGuLU/uBL/ubcZF9OXbDo8ff4O8yVp5Bf0efS8uEoYo5q4Fx7dY9OgQGXgAsQA==

color-string@^1.9.0:
  version "1.9.1"
  resolved "https://registry.npmjs.org/color-string/-/color-string-1.9.1.tgz"
  integrity sha512-shrVawQFojnZv6xM40anx4CkoDP+fZsw/ZerEMsW/pyzsRbElpsL/DBVW7q3ExxwusdNXI3lXpuhEZkzs8p5Eg==
  dependencies:
    color-name "^1.0.0"
    simple-swizzle "^0.2.2"

color@^4.2.3:
  version "4.2.3"
  resolved "https://registry.npmjs.org/color/-/color-4.2.3.tgz"
  integrity sha512-1rXeuUUiGGrykh+CeBdu5Ie7OJwinCgQY0bc7GCRxy5xVHy+moaqkpL/jqQq0MtQOeYcrqEz4abc5f0KtU7W4A==
  dependencies:
    color-convert "^2.0.1"
    color-string "^1.9.0"

create-hash@^1.1.0, create-hash@^1.1.2:
  version "1.2.0"
  resolved "https://registry.npmjs.org/create-hash/-/create-hash-1.2.0.tgz"
  integrity sha512-z00bCGNHDG8mHAkP7CtT1qVu+bFQUPjYq/4Iv3C3kWjTFV10zIjfSoeqXo9Asws8gwSHDGj/hl2u4OGIjapeCg==
  dependencies:
    cipher-base "^1.0.1"
    inherits "^2.0.1"
    md5.js "^1.3.4"
    ripemd160 "^2.0.1"
    sha.js "^2.4.0"

create-hmac@^1.1.4, create-hmac@1.1.7:
  version "1.1.7"
  resolved "https://registry.npmjs.org/create-hmac/-/create-hmac-1.1.7.tgz"
  integrity sha512-MJG9liiZ+ogc4TzUwuvbER1JRdgvUFSB5+VR/g5h82fGaIRWMWddtKBHi7/sVhfjQZ6SehlyhvQYrcYkaUIpLg==
  dependencies:
    cipher-base "^1.0.3"
    create-hash "^1.1.0"
    inherits "^2.0.1"
    ripemd160 "^2.0.0"
    safe-buffer "^5.0.1"
    sha.js "^2.4.8"

depd@~1.1.2:
  version "1.1.2"
  resolved "https://registry.npmjs.org/depd/-/depd-1.1.2.tgz"
  integrity sha512-7emPTl6Dpo6JRXOXjLRxck+FlLRX5847cLKEn00PLAgc3g2hTZZgr+e4c2v6QpSmLeFP3n5yUo7ft6avBK/5jQ==

depd@2.0.0:
  version "2.0.0"
  resolved "https://registry.npmjs.org/depd/-/depd-2.0.0.tgz"
  integrity sha512-g7nH6P6dyDioJogAAGprGpCtVImJhpPk/roCzdb3fIh61/s/nPsfR6onyMwkCAR/OlC3yBC0lESvUoQEAssIrw==

detect-libc@^2.0.3:
  version "2.0.3"
  resolved "https://registry.npmjs.org/detect-libc/-/detect-libc-2.0.3.tgz"
  integrity sha512-bwy0MGW55bG41VqxxypOsdSdGqLwXPI/focwgTYCFMbdUiBAxLg9CFzG08sz2aqzknwiX7Hkl0bQENjg8iLByw==

dotenv@^16.4.7:
  version "16.4.7"
  resolved "https://registry.npmjs.org/dotenv/-/dotenv-16.4.7.tgz"
  integrity sha512-47qPchRCykZC03FhkYAhrvwU4xDBFIj1QPqaarj6mdM/hgUzfPHcpkHJOn3mJAufFeeAxAzeGsr5X0M4k6fLZQ==

eventemitter3@5.0.1:
  version "5.0.1"
  resolved "https://registry.npmjs.org/eventemitter3/-/eventemitter3-5.0.1.tgz"
  integrity sha512-GWkBvjiSZK87ELrYOSESUYeVIc9mvLLf/nXalMOS5dYrgZq9o5OVkbZAVM06CVxYsCwH9BDZFPlQTlPA1j4ahA==

file-saver@^2.0.5:
  version "2.0.5"
  resolved "https://registry.npmjs.org/file-saver/-/file-saver-2.0.5.tgz"
  integrity sha512-P9bmyZ3h/PRG+Nzga+rbdI4OEpNDzAVyy74uVO9ATgzLK6VtAsYybF/+TOCvrc0MO793d6+42lLyZTw7/ArVzA==

generate-function@^2.0.0:
  version "2.3.1"
  resolved "https://registry.npmjs.org/generate-function/-/generate-function-2.3.1.tgz"
  integrity sha512-eeB5GfMNeevm/GRYq20ShmsaGcmI81kIX2K9XQx5miC8KdHaC6Jm0qQ8ZNeGOi7wYB8OsdxKs+Y2oVuTFuVwKQ==
  dependencies:
    is-property "^1.0.2"

generate-object-property@^1.1.0:
  version "1.2.0"
  resolved "https://registry.npmjs.org/generate-object-property/-/generate-object-property-1.2.0.tgz"
  integrity sha512-TuOwZWgJ2VAMEGJvAyPWvpqxSANF0LDpmyHauMjFYzaACvn+QTT/AZomvPCzVBV7yDN3OmwHQ5OvHaeLKre3JQ==
  dependencies:
    is-property "^1.0.0"

hash-base@^3.0.0:
  version "3.1.0"
  resolved "https://registry.npmjs.org/hash-base/-/hash-base-3.1.0.tgz"
  integrity sha512-1nmYp/rhMDiE7AYkDw+lLwlAzz0AntGIe51F3RfFfEqyQ3feY2eI/NcwC6umIQVOASPMsWJLJScWKSSvzL9IVA==
  dependencies:
    inherits "^2.0.4"
    readable-stream "^3.6.0"
    safe-buffer "^5.2.0"

http-errors@1.7.2:
  version "1.7.2"
  resolved "https://registry.npmjs.org/http-errors/-/http-errors-1.7.2.tgz"
  integrity sha512-uUQBt3H/cSIVfch6i1EuPNy/YsRSOUBXTVfZ+yR7Zjez3qjBz6i9+i4zjNaoqcoFVI4lQJ5plg63TvGfRSDCRg==
  dependencies:
    depd "~1.1.2"
    inherits "2.0.3"
    setprototypeof "1.1.1"
    statuses ">= 1.5.0 < 2"
    toidentifier "1.0.0"

inherits@^2.0.1, inherits@^2.0.3, inherits@2.0.3:
  version "2.0.3"
  resolved "https://registry.npmjs.org/inherits/-/inherits-2.0.3.tgz"
  integrity sha512-x00IRNXNy63jwGkJmzPigoySHbaqpNuzKbBOmzK+g2OdZpQ9w+sxCN+VSB3ja7IAge2OP2qpfxTjeNcyjmW1uw==

inherits@^2.0.4:
  version "2.0.4"
  resolved "https://registry.npmjs.org/inherits/-/inherits-2.0.4.tgz"
  integrity sha512-k/vGaX4/Yla3WzyMCvTQOXYeIHvqOKtnqBduzTHpzpQZzAskKMhZ2K+EnBiSM9zGSoIFeMpXKxa4dYeZIQqewQ==

is-arrayish@^0.3.1:
  version "0.3.2"
  resolved "https://registry.npmjs.org/is-arrayish/-/is-arrayish-0.3.2.tgz"
  integrity sha512-eVRqCvVlZbuw3GrM63ovNSNAeA1K16kaR/LRY/92w0zxQ5/1YzwblUX652i4Xs9RwAGjW9d9y6X88t8OaAJfWQ==

is-my-ip-valid@^1.0.0:
  version "1.0.1"
  resolved "https://registry.npmjs.org/is-my-ip-valid/-/is-my-ip-valid-1.0.1.tgz"
  integrity sha512-jxc8cBcOWbNK2i2aTkCZP6i7wkHF1bqKFrwEHuN5Jtg5BSaZHUZQ/JTOJwoV41YvHnOaRyWWh72T/KvfNz9DJg==

is-my-json-valid@^2.20.6:
  version "2.20.6"
  resolved "https://registry.npmjs.org/is-my-json-valid/-/is-my-json-valid-2.20.6.tgz"
  integrity sha512-1JQwulVNjx8UqkPE/bqDaxtH4PXCe/2VRh/y3p99heOV87HG4Id5/VfDswd+YiAfHcRTfDlWgISycnHuhZq1aw==
  dependencies:
    generate-function "^2.0.0"
    generate-object-property "^1.1.0"
    is-my-ip-valid "^1.0.0"
    jsonpointer "^5.0.0"
    xtend "^4.0.0"

is-property@^1.0.0, is-property@^1.0.2:
  version "1.0.2"
  resolved "https://registry.npmjs.org/is-property/-/is-property-1.0.2.tgz"
  integrity sha512-Ks/IoX00TtClbGQr4TWXemAnktAQvYB7HzcCxDGqEZU6oCmb2INHuOoKxbtR+HFkmYWBKv/dOZtGRiAjDhj92g==

isows@1.0.6:
  version "1.0.6"
  resolved "https://registry.npmjs.org/isows/-/isows-1.0.6.tgz"
  integrity sha512-lPHCayd40oW98/I0uvgaHKWCSvkzY27LjWLbtzOm64yQ+G3Q5npjjbdppU65iZXkK1Zt+kH9pfegli0AYfwYYw==

"js-tokens@^3.0.0 || ^4.0.0":
  version "4.0.0"
  resolved "https://registry.npmjs.org/js-tokens/-/js-tokens-4.0.0.tgz"
  integrity sha512-RdJUflcE3cUzKiMqQgsCu06FPu9UdIJO0beYbPhHN4k6apgJtifcoCtT9bcxOpYBtpD2kCM6Sbzg4CausW/PKQ==

jsonpointer@^5.0.0:
  version "5.0.1"
  resolved "https://registry.npmjs.org/jsonpointer/-/jsonpointer-5.0.1.tgz"
  integrity sha512-p/nXbhSEcu3pZRdkW1OfJhpsVtW1gd4Wa1fnQc9YLiTfAjn0312eMKimbdIQzuZl9aa9xUGaRlP9T/CJE/ditQ==

loose-envify@^1.1.0:
  version "1.4.0"
  resolved "https://registry.npmjs.org/loose-envify/-/loose-envify-1.4.0.tgz"
  integrity sha512-lyuxPGr/Wfhrlem2CL/UcnUc1zcqKAImBDzukY7Y5F/yQiNdko6+fRLevlw1HgMySw7f611UIY408EtxRSoK3Q==
  dependencies:
    js-tokens "^3.0.0 || ^4.0.0"

lru_map@0.4.1:
  version "0.4.1"
  resolved "https://registry.npmjs.org/lru_map/-/lru_map-0.4.1.tgz"
  integrity sha512-I+lBvqMMFfqaV8CJCISjI3wbjmwVu/VyOoU7+qtu9d7ioW5klMgsTTiUOUp+DJvfTTzKXoPbyC6YfgkNcyPSOg==

md5.js@^1.3.4:
  version "1.3.5"
  resolved "https://registry.npmjs.org/md5.js/-/md5.js-1.3.5.tgz"
  integrity sha512-xitP+WxNPcTTOgnTJcrhM0xvdPepipPSf3I8EIpGKeFLjt3PlJLIDG3u8EX53ZIubkb+5U2+3rELYpEhHhzdkg==
  dependencies:
    hash-base "^3.0.0"
    inherits "^2.0.1"
    safe-buffer "^5.1.2"

mustache@4.0.0:
  version "4.0.0"
  resolved "https://registry.npmjs.org/mustache/-/mustache-4.0.0.tgz"
  integrity sha512-FJgjyX/IVkbXBXYUwH+OYwQKqWpFPLaLVESd70yHjSDunwzV2hZOoTBvPf4KLoxesUzzyfTH6F784Uqd7Wm5yA==

nanoid@^3.3.6:
  version "3.3.8"
  resolved "https://registry.npmjs.org/nanoid/-/nanoid-3.3.8.tgz"
  integrity sha512-WNLf5Sd8oZxOm+TzppcYk8gVOgP+l58xNy58D0nbUnOxOWRWvlcCV4kUF7ltmI6PsrLl/BgKEyS4mqsGChFN0w==

near-abi@0.1.1:
  version "0.1.1"
  resolved "https://registry.npmjs.org/near-abi/-/near-abi-0.1.1.tgz"
  integrity sha512-RVDI8O+KVxRpC3KycJ1bpfVj9Zv+xvq9PlW1yIFl46GhrnLw83/72HqHGjGDjQ8DtltkcpSjY9X3YIGZ+1QyzQ==
  dependencies:
    "@types/json-schema" "^7.0.11"

near-api-js@^4.0.3:
  version "4.0.3"
  resolved "https://registry.npmjs.org/near-api-js/-/near-api-js-4.0.3.tgz"
  integrity sha512-NNxIUOGjTafDp65WKRmRqjOTdn4gukse5zFzo2YS/1YJMac++WR05mEsiAB2Aj54rDb/PL8TObQZgHtSs/Pjvg==
  dependencies:
    "@near-js/accounts" "1.2.1"
    "@near-js/crypto" "1.2.4"
    "@near-js/keystores" "0.0.12"
    "@near-js/keystores-browser" "0.0.12"
    "@near-js/keystores-node" "0.0.12"
    "@near-js/providers" "0.2.2"
    "@near-js/signers" "0.1.4"
    "@near-js/transactions" "1.2.2"
    "@near-js/types" "0.2.1"
    "@near-js/utils" "0.2.2"
    "@near-js/wallet-account" "1.2.2"
    "@noble/curves" "1.2.0"
    borsh "1.0.0"
    depd "2.0.0"
    http-errors "1.7.2"
    near-abi "0.1.1"
    node-fetch "2.6.7"

near-hd-key@^1.2.1:
  version "1.2.1"
  resolved "https://registry.npmjs.org/near-hd-key/-/near-hd-key-1.2.1.tgz"
  integrity sha512-SIrthcL5Wc0sps+2e1xGj3zceEa68TgNZDLuCx0daxmfTP7sFTB3/mtE2pYhlFsCxWoMn+JfID5E1NlzvvbRJg==
  dependencies:
    bip39 "3.0.2"
    create-hmac "1.1.7"
    tweetnacl "1.0.3"

near-seed-phrase@^0.2.1:
  version "0.2.1"
  resolved "https://registry.npmjs.org/near-seed-phrase/-/near-seed-phrase-0.2.1.tgz"
  integrity sha512-feMuums+kVL3LSuPcP4ld07xHCb2mu6z48SGfP3W+8tl1Qm5xIcjiQzY2IDPBvFgajRDxWSb8GzsRHoInazByw==
  dependencies:
    bip39-light "^1.0.7"
    bs58 "^4.0.1"
    near-hd-key "^1.2.1"
    tweetnacl "^1.0.2"

next@latest:
  version "15.1.6"
  resolved "https://registry.npmjs.org/next/-/next-15.1.6.tgz"
  integrity sha512-Hch4wzbaX0vKQtalpXvUiw5sYivBy4cm5rzUKrBnUB/y436LGrvOUqYvlSeNVCWFO/770gDlltR9gqZH62ct4Q==
  dependencies:
    "@next/env" "15.1.6"
    "@swc/counter" "0.1.3"
    "@swc/helpers" "0.5.15"
    busboy "1.6.0"
    caniuse-lite "^1.0.30001579"
    postcss "8.4.31"
    styled-jsx "5.1.6"
  optionalDependencies:
    "@next/swc-darwin-arm64" "15.1.6"
    "@next/swc-darwin-x64" "15.1.6"
    "@next/swc-linux-arm64-gnu" "15.1.6"
    "@next/swc-linux-arm64-musl" "15.1.6"
    "@next/swc-linux-x64-gnu" "15.1.6"
    "@next/swc-linux-x64-musl" "15.1.6"
    "@next/swc-win32-arm64-msvc" "15.1.6"
    "@next/swc-win32-x64-msvc" "15.1.6"
    sharp "^0.33.5"

node-fetch@2.6.7:
  version "2.6.7"
  resolved "https://registry.npmjs.org/node-fetch/-/node-fetch-2.6.7.tgz"
  integrity sha512-ZjMPFEfVx5j+y2yF35Kzx5sF7kDzxuDj6ziH4FFbOp87zKDZNx8yExJIb05OGF4Nlt9IHFIMBkRl41VdvcNdbQ==
  dependencies:
    whatwg-url "^5.0.0"

ox@0.6.7:
  version "0.6.7"
  resolved "https://registry.npmjs.org/ox/-/ox-0.6.7.tgz"
  integrity sha512-17Gk/eFsFRAZ80p5eKqv89a57uXjd3NgIf1CaXojATPBuujVc/fQSVhBeAU9JCRB+k7J50WQAyWTxK19T9GgbA==
  dependencies:
    "@adraffy/ens-normalize" "^1.10.1"
    "@noble/curves" "^1.6.0"
    "@noble/hashes" "^1.5.0"
    "@scure/bip32" "^1.5.0"
    "@scure/bip39" "^1.4.0"
    abitype "^1.0.6"
    eventemitter3 "5.0.1"

pbkdf2@^3.0.9:
  version "3.1.2"
  resolved "https://registry.npmjs.org/pbkdf2/-/pbkdf2-3.1.2.tgz"
  integrity sha512-iuh7L6jA7JEGu2WxDwtQP1ddOpaJNC4KlDEFfdQajSGgGPNi4OyDc2R7QnbY2bR9QjBVGwgvTdNJZoE7RaxUMA==
  dependencies:
    create-hash "^1.1.2"
    create-hmac "^1.1.4"
    ripemd160 "^2.0.1"
    safe-buffer "^5.0.1"
    sha.js "^2.4.8"

picocolors@^1.0.0:
  version "1.1.1"
  resolved "https://registry.npmjs.org/picocolors/-/picocolors-1.1.1.tgz"
  integrity sha512-xceH2snhtb5M9liqDsmEw56le376mTZkEX/jEb/RxNFyegNul7eNslCXP9FDj/Lcu0X8KEyMceP2ntpaHrDEVA==

postcss@8.4.31:
  version "8.4.31"
  resolved "https://registry.npmjs.org/postcss/-/postcss-8.4.31.tgz"
  integrity sha512-PS08Iboia9mts/2ygV3eLpY5ghnUcfLV/EXTOW1E2qYxJKGGBUtNjN76FYHnMs36RmARn41bC0AZmn+rR0OVpQ==
  dependencies:
    nanoid "^3.3.6"
    picocolors "^1.0.0"
    source-map-js "^1.0.2"

randombytes@^2.0.1, randombytes@2.1.0:
  version "2.1.0"
  resolved "https://registry.npmjs.org/randombytes/-/randombytes-2.1.0.tgz"
  integrity sha512-vYl3iOX+4CKUWuxGi9Ukhie6fsqXqS9FE2Zaic4tNFD2N2QQaXOMFbuKK4QmDHC0JO6B1Zp41J0LpT0oR68amQ==
  dependencies:
    safe-buffer "^5.1.0"

react-dom@^18.2.0, "react-dom@^18.2.0 || 19.0.0-rc-de68d2f4-20241204 || ^19.0.0":
  version "18.3.1"
  resolved "https://registry.npmjs.org/react-dom/-/react-dom-18.3.1.tgz"
  integrity sha512-5m4nQKp+rZRb09LNH59GM4BxTh9251/ylbKIbpe7TpGxfJ+9kv6BLkLBXIjjspbgbnIBNqlI23tRnTWT0snUIw==
  dependencies:
    loose-envify "^1.1.0"
    scheduler "^0.23.2"

react@^18.2.0, "react@^18.2.0 || 19.0.0-rc-de68d2f4-20241204 || ^19.0.0", react@^18.3.1, "react@>= 16.8.0 || 17.x.x || ^18.0.0-0 || ^19.0.0-0":
  version "18.3.1"
  resolved "https://registry.npmjs.org/react/-/react-18.3.1.tgz"
  integrity sha512-wS+hAgJShR0KhEvPJArfuPVN1+Hz1t0Y6n5jLrGQbkb4urgPE/0Rve+1kMB1v/oWgHgm4WIcV+i7F2pTVj+2iQ==
  dependencies:
    loose-envify "^1.1.0"

readable-stream@^3.6.0:
  version "3.6.2"
  resolved "https://registry.npmjs.org/readable-stream/-/readable-stream-3.6.2.tgz"
  integrity sha512-9u/sniCrY3D5WdsERHzHE4G2YCXqoG5FTHUiCC4SIbr6XcLZBY05ya9EKjYek9O5xOAwjGq+1JdGBAS7Q9ScoA==
  dependencies:
    inherits "^2.0.3"
    string_decoder "^1.1.1"
    util-deprecate "^1.0.1"

ripemd160@^2.0.0, ripemd160@^2.0.1:
  version "2.0.2"
  resolved "https://registry.npmjs.org/ripemd160/-/ripemd160-2.0.2.tgz"
  integrity sha512-ii4iagi25WusVoiC4B4lq7pbXfAp3D9v5CwfkY33vffw2+pkDjY1D8GaN7spsxvCSx8dkPqOZCEZyfxcmJG2IA==
  dependencies:
    hash-base "^3.0.0"
    inherits "^2.0.1"

safe-buffer@^5.0.1, safe-buffer@^5.1.0, safe-buffer@^5.1.2, safe-buffer@^5.2.0, safe-buffer@^5.2.1, safe-buffer@~5.2.0:
  version "5.2.1"
  resolved "https://registry.npmjs.org/safe-buffer/-/safe-buffer-5.2.1.tgz"
  integrity sha512-rp3So07KcdmmKbGvgaNxQSJr7bGVSVk5S9Eq1F+ppbRo70+YeaDxkw5Dd8NPN+GD6bjnYm2VuPuCXmpuYvmCXQ==

scheduler@^0.23.2:
  version "0.23.2"
  resolved "https://registry.npmjs.org/scheduler/-/scheduler-0.23.2.tgz"
  integrity sha512-UOShsPwz7NrMUqhR6t0hWjFduvOzbtv7toDH1/hIrfRNIDBnnBWd0CwJTGvTpngVlmwGCdP9/Zl/tVrDqcuYzQ==
  dependencies:
    loose-envify "^1.1.0"

semver@^7.6.3:
  version "7.7.0"
  resolved "https://registry.npmjs.org/semver/-/semver-7.7.0.tgz"
  integrity sha512-DrfFnPzblFmNrIZzg5RzHegbiRWg7KMR7btwi2yjHwx06zsUbO5g613sVwEV7FTwmzJu+Io0lJe2GJ3LxqpvBQ==

setprototypeof@1.1.1:
  version "1.1.1"
  resolved "https://registry.npmjs.org/setprototypeof/-/setprototypeof-1.1.1.tgz"
  integrity sha512-JvdAWfbXeIGaZ9cILp38HntZSFSo3mWg6xGcJJsd+d4aRMOqauag1C63dJfDw7OaMYwEbHMOxEZ1lqVRYP2OAw==

sha.js@^2.4.0, sha.js@^2.4.8:
  version "2.4.11"
  resolved "https://registry.npmjs.org/sha.js/-/sha.js-2.4.11.tgz"
  integrity sha512-QMEp5B7cftE7APOjk5Y6xgrbWu+WkLVQwk8JNjZ8nKRciZaByEW6MubieAiToS7+dwvrjGhH8jRXz3MVd0AYqQ==
  dependencies:
    inherits "^2.0.1"
    safe-buffer "^5.0.1"

sharp@^0.33.5:
  version "0.33.5"
  resolved "https://registry.npmjs.org/sharp/-/sharp-0.33.5.tgz"
  integrity sha512-haPVm1EkS9pgvHrQ/F3Xy+hgcuMV0Wm9vfIBSiwZ05k+xgb0PkBQpGsAA/oWdDobNaZTH5ppvHtzCFbnSEwHVw==
  dependencies:
    color "^4.2.3"
    detect-libc "^2.0.3"
    semver "^7.6.3"
  optionalDependencies:
    "@img/sharp-darwin-arm64" "0.33.5"
    "@img/sharp-darwin-x64" "0.33.5"
    "@img/sharp-libvips-darwin-arm64" "1.0.4"
    "@img/sharp-libvips-darwin-x64" "1.0.4"
    "@img/sharp-libvips-linux-arm" "1.0.5"
    "@img/sharp-libvips-linux-arm64" "1.0.4"
    "@img/sharp-libvips-linux-s390x" "1.0.4"
    "@img/sharp-libvips-linux-x64" "1.0.4"
    "@img/sharp-libvips-linuxmusl-arm64" "1.0.4"
    "@img/sharp-libvips-linuxmusl-x64" "1.0.4"
    "@img/sharp-linux-arm" "0.33.5"
    "@img/sharp-linux-arm64" "0.33.5"
    "@img/sharp-linux-s390x" "0.33.5"
    "@img/sharp-linux-x64" "0.33.5"
    "@img/sharp-linuxmusl-arm64" "0.33.5"
    "@img/sharp-linuxmusl-x64" "0.33.5"
    "@img/sharp-wasm32" "0.33.5"
    "@img/sharp-win32-ia32" "0.33.5"
    "@img/sharp-win32-x64" "0.33.5"

simple-swizzle@^0.2.2:
  version "0.2.2"
  resolved "https://registry.npmjs.org/simple-swizzle/-/simple-swizzle-0.2.2.tgz"
  integrity sha512-JA//kQgZtbuY83m+xT+tXJkmJncGMTFT+C+g2h2R9uxkYIrE2yy9sgmcLhCnw57/WSD+Eh3J97FPEDFnbXnDUg==
  dependencies:
    is-arrayish "^0.3.1"

source-map-js@^1.0.2:
  version "1.2.1"
  resolved "https://registry.npmjs.org/source-map-js/-/source-map-js-1.2.1.tgz"
  integrity sha512-UXWMKhLOwVKb728IUtQPXxfYU+usdybtUrK/8uGE8CQMvrhOpwvzDBwj0QhSL7MQc7vIsISBG8VQ8+IDQxpfQA==

"statuses@>= 1.5.0 < 2":
  version "1.5.0"
  resolved "https://registry.npmjs.org/statuses/-/statuses-1.5.0.tgz"
  integrity sha512-OpZ3zP+jT1PI7I8nemJX4AKmAX070ZkYPVWV/AaKTJl+tXCTGyVdC1a4SL8RUQYEwk/f34ZX8UTykN68FwrqAA==

streamsearch@^1.1.0:
  version "1.1.0"
  resolved "https://registry.npmjs.org/streamsearch/-/streamsearch-1.1.0.tgz"
  integrity sha512-Mcc5wHehp9aXz1ax6bZUyY5afg9u2rv5cqQI3mRrYkGC8rW2hM02jWuwjtL++LS5qinSyhj2QfLyNsuc+VsExg==

string_decoder@^1.1.1:
  version "1.3.0"
  resolved "https://registry.npmjs.org/string_decoder/-/string_decoder-1.3.0.tgz"
  integrity sha512-hkRX8U1WjJFd8LsDJ2yQ/wWWxaopEsABU1XfkM8A+j0+85JAGppt16cr1Whg6KIbb4okU6Mql6BOj+uup/wKeA==
  dependencies:
    safe-buffer "~5.2.0"

styled-jsx@5.1.6:
  version "5.1.6"
  resolved "https://registry.npmjs.org/styled-jsx/-/styled-jsx-5.1.6.tgz"
  integrity sha512-qSVyDTeMotdvQYoHWLNGwRFJHC+i+ZvdBRYosOFgC+Wg1vx4frN2/RG/NA7SYqqvKNLf39P2LSRA2pu6n0XYZA==
  dependencies:
    client-only "0.0.1"

toidentifier@1.0.0:
  version "1.0.0"
  resolved "https://registry.npmjs.org/toidentifier/-/toidentifier-1.0.0.tgz"
  integrity sha512-yaOH/Pk/VEhBWWTlhI+qXxDFXlejDGcQipMlyxda9nthulaxLZUNcUqFxokp0vcYnvteJln5FNQDRrxj3YcbVw==

tr46@~0.0.3:
  version "0.0.3"
  resolved "https://registry.npmjs.org/tr46/-/tr46-0.0.3.tgz"
  integrity sha512-N3WMsuqV66lT30CrXNbEjx4GEwlow3v6rr4mCcv6prnfwhS01rkgyFdjPNBYd9br7LpXV1+Emh01fHnq2Gdgrw==

tslib@^2.8.0:
  version "2.8.1"
  resolved "https://registry.npmjs.org/tslib/-/tslib-2.8.1.tgz"
  integrity sha512-oJFu94HQb+KVduSUQL7wnpmqnfmLsOA/nAh6b6EH0wCEoK0/mPeXU6c3wKDV83MkOuHPRHtSXKKU99IBazS/2w==

tweetnacl@^1.0.2, tweetnacl@1.0.3:
  version "1.0.3"
  resolved "https://registry.npmjs.org/tweetnacl/-/tweetnacl-1.0.3.tgz"
  integrity sha512-6rt+RN7aOi1nGMyC4Xa5DdYiukl2UWCbcJft7YhxReBGQD7OAM8Pbxw6YMo4r2diNEA8FEmu32YOn9rhaiE5yw==

util-deprecate@^1.0.1:
  version "1.0.2"
  resolved "https://registry.npmjs.org/util-deprecate/-/util-deprecate-1.0.2.tgz"
  integrity sha512-EPD5q1uXyFxJpCrLnCc1nHnq3gOa6DZBocAIiI2TaSCA7VCJ1UJDMagCzIkXNsUYfD1daK//LTEQ8xiIbrHtcw==

"viem@^2.21.0 <3.0.0":
  version "2.22.17"
  resolved "https://registry.npmjs.org/viem/-/viem-2.22.17.tgz"
  integrity sha512-eqNhlPGgRLR29XEVUT2uuaoEyMiaQZEKx63xT1py9OYsE+ZwlVgjnfrqbXad7Flg2iJ0Bs5Hh7o0FfRWUJGHvg==
  dependencies:
    "@noble/curves" "1.8.1"
    "@noble/hashes" "1.7.1"
    "@scure/bip32" "1.6.2"
    "@scure/bip39" "1.5.4"
    abitype "1.0.8"
    isows "1.0.6"
    ox "0.6.7"
    ws "8.18.0"

webidl-conversions@^3.0.0:
  version "3.0.1"
  resolved "https://registry.npmjs.org/webidl-conversions/-/webidl-conversions-3.0.1.tgz"
  integrity sha512-2JAn3z8AR6rjK8Sm8orRC0h/bcl/DqL7tRPdGZ4I1CjdF+EaMLmYxBHyXuKL849eucPFhvBoxMsflfOb8kxaeQ==

whatwg-url@^5.0.0:
  version "5.0.0"
  resolved "https://registry.npmjs.org/whatwg-url/-/whatwg-url-5.0.0.tgz"
  integrity sha512-saE57nupxk6v3HY35+jzBwYa0rKSy0XR8JSxZPwgLr7ys0IBzhGviA1/TUGJLmSVqs8pb9AnvICXEuOHLprYTw==
  dependencies:
    tr46 "~0.0.3"
    webidl-conversions "^3.0.0"

ws@*, ws@8.18.0:
  version "8.18.0"
  resolved "https://registry.npmjs.org/ws/-/ws-8.18.0.tgz"
  integrity sha512-8VbfWfHLbbwu3+N6OKsOMpBdT4kXPDDB9cJk2bJ6mh9ucxdlnNvH1e+roYkKmN9Nxw2yjz7VzeO9oOz2zJ04Pw==

xtend@^4.0.0:
  version "4.0.2"
  resolved "https://registry.npmjs.org/xtend/-/xtend-4.0.2.tgz"
  integrity sha512-LKYU1iAXJXUgAXn9URjiu+MWhyUXHsvfp7mcuYm9dSUKK0/CjtrUwFAxD82/mCWbtLsGjFIad0wIsod4zrTAEQ==
